// !$*UTF8*$!
{
	archiveVersion = 1;
	classes = {
	};
	objectVersion = 55;
	objects = {

/* Begin PBXBuildFile section */
		1DCC46C427F9D57B006DED32 /* ServerDrivenUIApp.swift in Sources */ = {isa = PBXBuildFile; fileRef = 1DCC46C327F9D57B006DED32 /* ServerDrivenUIApp.swift */; };
		1DCC46C627F9D57B006DED32 /* ContentView.swift in Sources */ = {isa = PBXBuildFile; fileRef = 1DCC46C527F9D57B006DED32 /* ContentView.swift */; };
		1DCC46C827F9D57C006DED32 /* Assets.xcassets in Resources */ = {isa = PBXBuildFile; fileRef = 1DCC46C727F9D57C006DED32 /* Assets.xcassets */; };
		1DCC46CB27F9D57C006DED32 /* Preview Assets.xcassets in Resources */ = {isa = PBXBuildFile; fileRef = 1DCC46CA27F9D57C006DED32 /* Preview Assets.xcassets */; };
		1DCC46D327F9D7CE006DED32 /* Element.swift in Sources */ = {isa = PBXBuildFile; fileRef = 1DCC46D227F9D7CE006DED32 /* Element.swift */; };
		1DCC46D527F9D7D8006DED32 /* IRenderable.swift in Sources */ = {isa = PBXBuildFile; fileRef = 1DCC46D427F9D7D8006DED32 /* IRenderable.swift */; };
		1DCC46D727F9E292006DED32 /* ListElement.swift in Sources */ = {isa = PBXBuildFile; fileRef = 1DCC46D627F9E292006DED32 /* ListElement.swift */; };
		1DCC46D927F9E570006DED32 /* NavigationElement.swift in Sources */ = {isa = PBXBuildFile; fileRef = 1DCC46D827F9E570006DED32 /* NavigationElement.swift */; };
		1DCC46DB27F9FC89006DED32 /* TextView.swift in Sources */ = {isa = PBXBuildFile; fileRef = 1DCC46DA27F9FC89006DED32 /* TextView.swift */; };
		1DCC46DD27FA086E006DED32 /* ElementModifier.swift in Sources */ = {isa = PBXBuildFile; fileRef = 1DCC46DC27FA086E006DED32 /* ElementModifier.swift */; };
		1DCC46DF27FA0E8D006DED32 /* UIColor+Hex.swift in Sources */ = {isa = PBXBuildFile; fileRef = 1DCC46DE27FA0E8D006DED32 /* UIColor+Hex.swift */; };
		1DCC46E127FA1119006DED32 /* Screen.swift in Sources */ = {isa = PBXBuildFile; fileRef = 1DCC46E027FA1119006DED32 /* Screen.swift */; };
/* End PBXBuildFile section */

/* Begin PBXFileReference section */
		1DCC46C027F9D57B006DED32 /* ServerDrivenUI.app */ = {isa = PBXFileReference; explicitFileType = wrapper.application; includeInIndex = 0; path = ServerDrivenUI.app; sourceTree = BUILT_PRODUCTS_DIR; };
		1DCC46C327F9D57B006DED32 /* ServerDrivenUIApp.swift */ = {isa = PBXFileReference; lastKnownFileType = sourcecode.swift; path = ServerDrivenUIApp.swift; sourceTree = "<group>"; };
		1DCC46C527F9D57B006DED32 /* ContentView.swift */ = {isa = PBXFileReference; lastKnownFileType = sourcecode.swift; path = ContentView.swift; sourceTree = "<group>"; };
		1DCC46C727F9D57C006DED32 /* Assets.xcassets */ = {isa = PBXFileReference; lastKnownFileType = folder.assetcatalog; path = Assets.xcassets; sourceTree = "<group>"; };
		1DCC46CA27F9D57C006DED32 /* Preview Assets.xcassets */ = {isa = PBXFileReference; lastKnownFileType = folder.assetcatalog; path = "Preview Assets.xcassets"; sourceTree = "<group>"; };
		1DCC46D227F9D7CE006DED32 /* Element.swift */ = {isa = PBXFileReference; lastKnownFileType = sourcecode.swift; path = Element.swift; sourceTree = "<group>"; };
		1DCC46D427F9D7D8006DED32 /* IRenderable.swift */ = {isa = PBXFileReference; lastKnownFileType = sourcecode.swift; path = IRenderable.swift; sourceTree = "<group>"; };
		1DCC46D627F9E292006DED32 /* ListElement.swift */ = {isa = PBXFileReference; lastKnownFileType = sourcecode.swift; path = ListElement.swift; sourceTree = "<group>"; };
		1DCC46D827F9E570006DED32 /* NavigationElement.swift */ = {isa = PBXFileReference; lastKnownFileType = sourcecode.swift; path = NavigationElement.swift; sourceTree = "<group>"; };
		1DCC46DA27F9FC89006DED32 /* TextView.swift */ = {isa = PBXFileReference; lastKnownFileType = sourcecode.swift; path = TextView.swift; sourceTree = "<group>"; };
		1DCC46DC27FA086E006DED32 /* ElementModifier.swift */ = {isa = PBXFileReference; lastKnownFileType = sourcecode.swift; path = ElementModifier.swift; sourceTree = "<group>"; };
		1DCC46DE27FA0E8D006DED32 /* UIColor+Hex.swift */ = {isa = PBXFileReference; lastKnownFileType = sourcecode.swift; path = "UIColor+Hex.swift"; sourceTree = "<group>"; };
		1DCC46E027FA1119006DED32 /* Screen.swift */ = {isa = PBXFileReference; lastKnownFileType = sourcecode.swift; path = Screen.swift; sourceTree = "<group>"; };
/* End PBXFileReference section */

/* Begin PBXFrameworksBuildPhase section */
		1DCC46BD27F9D57B006DED32 /* Frameworks */ = {
			isa = PBXFrameworksBuildPhase;
			buildActionMask = 2147483647;
			files = (
			);
			runOnlyForDeploymentPostprocessing = 0;
		};
/* End PBXFrameworksBuildPhase section */

/* Begin PBXGroup section */
		1DCC46B727F9D57B006DED32 = {
			isa = PBXGroup;
			children = (
				1DCC46C227F9D57B006DED32 /* ServerDrivenUI */,
				1DCC46C127F9D57B006DED32 /* Products */,
			);
			sourceTree = "<group>";
		};
		1DCC46C127F9D57B006DED32 /* Products */ = {
			isa = PBXGroup;
			children = (
				1DCC46C027F9D57B006DED32 /* ServerDrivenUI.app */,
			);
			name = Products;
			sourceTree = "<group>";
		};
		1DCC46C227F9D57B006DED32 /* ServerDrivenUI */ = {
			isa = PBXGroup;
			children = (
				1DCC46D127F9D7C3006DED32 /* view */,
				1DCC46C327F9D57B006DED32 /* ServerDrivenUIApp.swift */,
				1DCC46C527F9D57B006DED32 /* ContentView.swift */,
				1DCC46C727F9D57C006DED32 /* Assets.xcassets */,
				1DCC46C927F9D57C006DED32 /* Preview Content */,
				1DCC46DE27FA0E8D006DED32 /* UIColor+Hex.swift */,
			);
			path = ServerDrivenUI;
			sourceTree = "<group>";
		};
		1DCC46C927F9D57C006DED32 /* Preview Content */ = {
			isa = PBXGroup;
			children = (
				1DCC46CA27F9D57C006DED32 /* Preview Assets.xcassets */,
			);
			path = "Preview Content";
			sourceTree = "<group>";
		};
		1DCC46D127F9D7C3006DED32 /* view */ = {
			isa = PBXGroup;
			children = (
				1DCC46D227F9D7CE006DED32 /* Element.swift */,
				1DCC46D427F9D7D8006DED32 /* IRenderable.swift */,
				1DCC46D627F9E292006DED32 /* ListElement.swift */,
				1DCC46D827F9E570006DED32 /* NavigationElement.swift */,
				1DCC46DA27F9FC89006DED32 /* TextView.swift */,
				1DCC46DC27FA086E006DED32 /* ElementModifier.swift */,
				1DCC46E027FA1119006DED32 /* Screen.swift */,
			);
			path = view;
			sourceTree = "<group>";
		};
/* End PBXGroup section */

/* Begin PBXNativeTarget section */
		1DCC46BF27F9D57B006DED32 /* ServerDrivenUI */ = {
			isa = PBXNativeTarget;
			buildConfigurationList = 1DCC46CE27F9D57C006DED32 /* Build configuration list for PBXNativeTarget "ServerDrivenUI" */;
			buildPhases = (
				1DCC46BC27F9D57B006DED32 /* Sources */,
				1DCC46BD27F9D57B006DED32 /* Frameworks */,
				1DCC46BE27F9D57B006DED32 /* Resources */,
			);
			buildRules = (
			);
			dependencies = (
			);
			name = ServerDrivenUI;
			productName = ServerDrivenUI;
			productReference = 1DCC46C027F9D57B006DED32 /* ServerDrivenUI.app */;
			productType = "com.apple.product-type.application";
		};
/* End PBXNativeTarget section */

/* Begin PBXProject section */
		1DCC46B827F9D57B006DED32 /* Project object */ = {
			isa = PBXProject;
			attributes = {
				BuildIndependentTargetsInParallel = 1;
				LastSwiftUpdateCheck = 1320;
				LastUpgradeCheck = 1320;
				TargetAttributes = {
					1DCC46BF27F9D57B006DED32 = {
						CreatedOnToolsVersion = 13.2.1;
					};
				};
			};
			buildConfigurationList = 1DCC46BB27F9D57B006DED32 /* Build configuration list for PBXProject "ServerDrivenUI" */;
			compatibilityVersion = "Xcode 13.0";
			developmentRegion = en;
			hasScannedForEncodings = 0;
			knownRegions = (
				en,
				Base,
			);
			mainGroup = 1DCC46B727F9D57B006DED32;
			productRefGroup = 1DCC46C127F9D57B006DED32 /* Products */;
			projectDirPath = "";
			projectRoot = "";
			targets = (
				1DCC46BF27F9D57B006DED32 /* ServerDrivenUI */,
			);
		};
/* End PBXProject section */

/* Begin PBXResourcesBuildPhase section */
		1DCC46BE27F9D57B006DED32 /* Resources */ = {
			isa = PBXResourcesBuildPhase;
			buildActionMask = 2147483647;
			files = (
				1DCC46CB27F9D57C006DED32 /* Preview Assets.xcassets in Resources */,
				1DCC46C827F9D57C006DED32 /* Assets.xcassets in Resources */,
			);
			runOnlyForDeploymentPostprocessing = 0;
		};
/* End PBXResourcesBuildPhase section */

/* Begin PBXSourcesBuildPhase section */
		1DCC46BC27F9D57B006DED32 /* Sources */ = {
			isa = PBXSourcesBuildPhase;
			buildActionMask = 2147483647;
			files = (
				1DCC46C627F9D57B006DED32 /* ContentView.swift in Sources */,
				1DCC46DD27FA086E006DED32 /* ElementModifier.swift in Sources */,
				1DCC46D527F9D7D8006DED32 /* IRenderable.swift in Sources */,
				1DCC46DF27FA0E8D006DED32 /* UIColor+Hex.swift in Sources */,
				1DCC46C427F9D57B006DED32 /* ServerDrivenUIApp.swift in Sources */,
				1DCC46E127FA1119006DED32 /* Screen.swift in Sources */,
				1DCC46DB27F9FC89006DED32 /* TextView.swift in Sources */,
				1DCC46D727F9E292006DED32 /* ListElement.swift in Sources */,
				1DCC46D927F9E570006DED32 /* NavigationElement.swift in Sources */,
				1DCC46D327F9D7CE006DED32 /* Element.swift in Sources */,
			);
			runOnlyForDeploymentPostprocessing = 0;
		};
/* End PBXSourcesBuildPhase section */

/* Begin XCBuildConfiguration section */
		1DCC46CC27F9D57C006DED32 /* Debug */ = {
			isa = XCBuildConfiguration;
			buildSettings = {
				ALWAYS_SEARCH_USER_PATHS = NO;
				CLANG_ANALYZER_NONNULL = YES;
				CLANG_ANALYZER_NUMBER_OBJECT_CONVERSION = YES_AGGRESSIVE;
				CLANG_CXX_LANGUAGE_STANDARD = "gnu++17";
				CLANG_CXX_LIBRARY = "libc++";
				CLANG_ENABLE_MODULES = YES;
				CLANG_ENABLE_OBJC_ARC = YES;
				CLANG_ENABLE_OBJC_WEAK = YES;
				CLANG_WARN_BLOCK_CAPTURE_AUTORELEASING = YES;
				CLANG_WARN_BOOL_CONVERSION = YES;
				CLANG_WARN_COMMA = YES;
				CLANG_WARN_CONSTANT_CONVERSION = YES;
				CLANG_WARN_DEPRECATED_OBJC_IMPLEMENTATIONS = YES;
				CLANG_WARN_DIRECT_OBJC_ISA_USAGE = YES_ERROR;
				CLANG_WARN_DOCUMENTATION_COMMENTS = YES;
				CLANG_WARN_EMPTY_BODY = YES;
				CLANG_WARN_ENUM_CONVERSION = YES;
				CLANG_WARN_INFINITE_RECURSION = YES;
				CLANG_WARN_INT_CONVERSION = YES;
				CLANG_WARN_NON_LITERAL_NULL_CONVERSION = YES;
				CLANG_WARN_OBJC_IMPLICIT_RETAIN_SELF = YES;
				CLANG_WARN_OBJC_LITERAL_CONVERSION = YES;
				CLANG_WARN_OBJC_ROOT_CLASS = YES_ERROR;
				CLANG_WARN_QUOTED_INCLUDE_IN_FRAMEWORK_HEADER = YES;
				CLANG_WARN_RANGE_LOOP_ANALYSIS = YES;
				CLANG_WARN_STRICT_PROTOTYPES = YES;
				CLANG_WARN_SUSPICIOUS_MOVE = YES;
				CLANG_WARN_UNGUARDED_AVAILABILITY = YES_AGGRESSIVE;
				CLANG_WARN_UNREACHABLE_CODE = YES;
				CLANG_WARN__DUPLICATE_METHOD_MATCH = YES;
				COPY_PHASE_STRIP = NO;
				DEBUG_INFORMATION_FORMAT = dwarf;
				ENABLE_STRICT_OBJC_MSGSEND = YES;
				ENABLE_TESTABILITY = YES;
				GCC_C_LANGUAGE_STANDARD = gnu11;
				GCC_DYNAMIC_NO_PIC = NO;
				GCC_NO_COMMON_BLOCKS = YES;
				GCC_OPTIMIZATION_LEVEL = 0;
				GCC_PREPROCESSOR_DEFINITIONS = (
					"DEBUG=1",
					"$(inherited)",
				);
				GCC_WARN_64_TO_32_BIT_CONVERSION = YES;
				GCC_WARN_ABOUT_RETURN_TYPE = YES_ERROR;
				GCC_WARN_UNDECLARED_SELECTOR = YES;
				GCC_WARN_UNINITIALIZED_AUTOS = YES_AGGRESSIVE;
				GCC_WARN_UNUSED_FUNCTION = YES;
				GCC_WARN_UNUSED_VARIABLE = YES;
				IPHONEOS_DEPLOYMENT_TARGET = 15.2;
				MTL_ENABLE_DEBUG_INFO = INCLUDE_SOURCE;
				MTL_FAST_MATH = YES;
				ONLY_ACTIVE_ARCH = YES;
				SDKROOT = iphoneos;
				SWIFT_ACTIVE_COMPILATION_CONDITIONS = DEBUG;
				SWIFT_OPTIMIZATION_LEVEL = "-Onone";
			};
			name = Debug;
		};
		1DCC46CD27F9D57C006DED32 /* Release */ = {
			isa = XCBuildConfiguration;
			buildSettings = {
				ALWAYS_SEARCH_USER_PATHS = NO;
				CLANG_ANALYZER_NONNULL = YES;
				CLANG_ANALYZER_NUMBER_OBJECT_CONVERSION = YES_AGGRESSIVE;
				CLANG_CXX_LANGUAGE_STANDARD = "gnu++17";
				CLANG_CXX_LIBRARY = "libc++";
				CLANG_ENABLE_MODULES = YES;
				CLANG_ENABLE_OBJC_ARC = YES;
				CLANG_ENABLE_OBJC_WEAK = YES;
				CLANG_WARN_BLOCK_CAPTURE_AUTORELEASING = YES;
				CLANG_WARN_BOOL_CONVERSION = YES;
				CLANG_WARN_COMMA = YES;
				CLANG_WARN_CONSTANT_CONVERSION = YES;
				CLANG_WARN_DEPRECATED_OBJC_IMPLEMENTATIONS = YES;
				CLANG_WARN_DIRECT_OBJC_ISA_USAGE = YES_ERROR;
				CLANG_WARN_DOCUMENTATION_COMMENTS = YES;
				CLANG_WARN_EMPTY_BODY = YES;
				CLANG_WARN_ENUM_CONVERSION = YES;
				CLANG_WARN_INFINITE_RECURSION = YES;
				CLANG_WARN_INT_CONVERSION = YES;
				CLANG_WARN_NON_LITERAL_NULL_CONVERSION = YES;
				CLANG_WARN_OBJC_IMPLICIT_RETAIN_SELF = YES;
				CLANG_WARN_OBJC_LITERAL_CONVERSION = YES;
				CLANG_WARN_OBJC_ROOT_CLASS = YES_ERROR;
				CLANG_WARN_QUOTED_INCLUDE_IN_FRAMEWORK_HEADER = YES;
				CLANG_WARN_RANGE_LOOP_ANALYSIS = YES;
				CLANG_WARN_STRICT_PROTOTYPES = YES;
				CLANG_WARN_SUSPICIOUS_MOVE = YES;
				CLANG_WARN_UNGUARDED_AVAILABILITY = YES_AGGRESSIVE;
				CLANG_WARN_UNREACHABLE_CODE = YES;
				CLANG_WARN__DUPLICATE_METHOD_MATCH = YES;
				COPY_PHASE_STRIP = NO;
				DEBUG_INFORMATION_FORMAT = "dwarf-with-dsym";
				ENABLE_NS_ASSERTIONS = NO;
				ENABLE_STRICT_OBJC_MSGSEND = YES;
				GCC_C_LANGUAGE_STANDARD = gnu11;
				GCC_NO_COMMON_BLOCKS = YES;
				GCC_WARN_64_TO_32_BIT_CONVERSION = YES;
				GCC_WARN_ABOUT_RETURN_TYPE = YES_ERROR;
				GCC_WARN_UNDECLARED_SELECTOR = YES;
				GCC_WARN_UNINITIALIZED_AUTOS = YES_AGGRESSIVE;
				GCC_WARN_UNUSED_FUNCTION = YES;
				GCC_WARN_UNUSED_VARIABLE = YES;
				IPHONEOS_DEPLOYMENT_TARGET = 15.2;
				MTL_ENABLE_DEBUG_INFO = NO;
				MTL_FAST_MATH = YES;
				SDKROOT = iphoneos;
				SWIFT_COMPILATION_MODE = wholemodule;
				SWIFT_OPTIMIZATION_LEVEL = "-O";
				VALIDATE_PRODUCT = YES;
			};
			name = Release;
		};
		1DCC46CF27F9D57C006DED32 /* Debug */ = {
			isa = XCBuildConfiguration;
			buildSettings = {
				ASSETCATALOG_COMPILER_APPICON_NAME = AppIcon;
				ASSETCATALOG_COMPILER_GLOBAL_ACCENT_COLOR_NAME = AccentColor;
				CODE_SIGN_STYLE = Automatic;
				CURRENT_PROJECT_VERSION = 1;
				DEVELOPMENT_ASSET_PATHS = "\"ServerDrivenUI/Preview Content\"";
				DEVELOPMENT_TEAM = 7848QT82M4;
				ENABLE_PREVIEWS = YES;
				GENERATE_INFOPLIST_FILE = YES;
				INFOPLIST_KEY_UIApplicationSceneManifest_Generation = YES;
				INFOPLIST_KEY_UIApplicationSupportsIndirectInputEvents = YES;
				INFOPLIST_KEY_UILaunchScreen_Generation = YES;
				INFOPLIST_KEY_UISupportedInterfaceOrientations_iPad = "UIInterfaceOrientationPortrait UIInterfaceOrientationPortraitUpsideDown UIInterfaceOrientationLandscapeLeft UIInterfaceOrientationLandscapeRight";
				INFOPLIST_KEY_UISupportedInterfaceOrientations_iPhone = "UIInterfaceOrientationPortrait UIInterfaceOrientationLandscapeLeft UIInterfaceOrientationLandscapeRight";
				LD_RUNPATH_SEARCH_PATHS = (
					"$(inherited)",
					"@executable_path/Frameworks",
				);
				MARKETING_VERSION = 1.0;
				PRODUCT_BUNDLE_IDENTIFIER = ru.azharkova.ServerDrivenUI;
				PRODUCT_NAME = "$(TARGET_NAME)";
				SWIFT_EMIT_LOC_STRINGS = YES;
				SWIFT_VERSION = 5.0;
				TARGETED_DEVICE_FAMILY = "1,2";
			};
			name = Debug;
		};
		1DCC46D027F9D57C006DED32 /* Release */ = {
			isa = XCBuildConfiguration;
			buildSettings = {
				ASSETCATALOG_COMPILER_APPICON_NAME = AppIcon;
				ASSETCATALOG_COMPILER_GLOBAL_ACCENT_COLOR_NAME = AccentColor;
				CODE_SIGN_STYLE = Automatic;
				CURRENT_PROJECT_VERSION = 1;
				DEVELOPMENT_ASSET_PATHS = "\"ServerDrivenUI/Preview Content\"";
				DEVELOPMENT_TEAM = 7848QT82M4;
				ENABLE_PREVIEWS = YES;
				GENERATE_INFOPLIST_FILE = YES;
				INFOPLIST_KEY_UIApplicationSceneManifest_Generation = YES;
				INFOPLIST_KEY_UIApplicationSupportsIndirectInputEvents = YES;
				INFOPLIST_KEY_UILaunchScreen_Generation = YES;
				INFOPLIST_KEY_UISupportedInterfaceOrientations_iPad = "UIInterfaceOrientationPortrait UIInterfaceOrientationPortraitUpsideDown UIInterfaceOrientationLandscapeLeft UIInterfaceOrientationLandscapeRight";
				INFOPLIST_KEY_UISupportedInterfaceOrientations_iPhone = "UIInterfaceOrientationPortrait UIInterfaceOrientationLandscapeLeft UIInterfaceOrientationLandscapeRight";
				LD_RUNPATH_SEARCH_PATHS = (
					"$(inherited)",
					"@executable_path/Frameworks",
				);
				MARKETING_VERSION = 1.0;
				PRODUCT_BUNDLE_IDENTIFIER = ru.azharkova.ServerDrivenUI;
				PRODUCT_NAME = "$(TARGET_NAME)";
				SWIFT_EMIT_LOC_STRINGS = YES;
				SWIFT_VERSION = 5.0;
				TARGETED_DEVICE_FAMILY = "1,2";
			};
			name = Release;
		};
/* End XCBuildConfiguration section */

/* Begin XCConfigurationList section */
		1DCC46BB27F9D57B006DED32 /* Build configuration list for PBXProject "ServerDrivenUI" */ = {
			isa = XCConfigurationList;
			buildConfigurations = (
				1DCC46CC27F9D57C006DED32 /* Debug */,
				1DCC46CD27F9D57C006DED32 /* Release */,
			);
			defaultConfigurationIsVisible = 0;
			defaultConfigurationName = Release;
		};
		1DCC46CE27F9D57C006DED32 /* Build configuration list for PBXNativeTarget "ServerDrivenUI" */ = {
			isa = XCConfigurationList;
			buildConfigurations = (
				1DCC46CF27F9D57C006DED32 /* Debug */,
				1DCC46D027F9D57C006DED32 /* Release */,
			);
			defaultConfigurationIsVisible = 0;
			defaultConfigurationName = Release;
		};
/* End XCConfigurationList section */
	};
	rootObject = 1DCC46B827F9D57B006DED32 /* Project object */;
}
